
Microsoft Visual Studio Solution File, Format Version 11.00
# Visual Studio 2010
Project("{FAE04EC0-301F-11D3-BF4B-00C04F79EFBC}") = "TraktPlugin", "TraktPlugin\TraktPlugin.csproj", "{63CC7924-F7B5-47C9-92A4-08428D9C5F9C}"
EndProject
Project("{2150E333-8FDC-42A3-9474-1A3956D46DE8}") = "MPEI", "MPEI", "{CE1EB7DF-4B75-4BD0-B744-B8898FC75371}"
	ProjectSection(SolutionItems) = preProject
		MPEI\TraktInstaller_MP12.xmp2 = MPEI\TraktInstaller_MP12.xmp2
		MPEI\update.xml = MPEI\update.xml
	EndProjectSection
EndProject
Project("{2150E333-8FDC-42A3-9474-1A3956D46DE8}") = "Settings", "Settings", "{A5187FF9-35B1-4CDC-91A3-A6FAE372FD3C}"
	ProjectSection(SolutionItems) = preProject
		MPEI\Settings\extension_settings.xml = MPEI\Settings\extension_settings.xml
	EndProjectSection
EndProject
Global
	GlobalSection(SolutionConfigurationPlatforms) = preSolution
		Debug|Any CPU = Debug|Any CPU
		Release|Any CPU = Release|Any CPU
	EndGlobalSection
	GlobalSection(ProjectConfigurationPlatforms) = postSolution
		{63CC7924-F7B5-47C9-92A4-08428D9C5F9C}.Debug|Any CPU.ActiveCfg = Debug|Any CPU
		{63CC7924-F7B5-47C9-92A4-08428D9C5F9C}.Debug|Any CPU.Build.0 = Debug|Any CPU
		{63CC7924-F7B5-47C9-92A4-08428D9C5F9C}.Release|Any CPU.ActiveCfg = Release|Any CPU
		{63CC7924-F7B5-47C9-92A4-08428D9C5F9C}.Release|Any CPU.Build.0 = Release|Any CPU
	EndGlobalSection
	GlobalSection(SolutionProperties) = preSolution
		HideSolutionNode = FALSE
	EndGlobalSection
	GlobalSection(NestedProjects) = preSolution
		{A5187FF9-35B1-4CDC-91A3-A6FAE372FD3C} = {CE1EB7DF-4B75-4BD0-B744-B8898FC75371}
	EndGlobalSection
EndGlobal
